{
  "lockfileVersion": 1,
  "configVersion": 1,
  "workspaces": {
    "": {
      "name": "astrisjs",
      "dependencies": {
        "consola": "^3.4.2",
      },
      "devDependencies": {
        "@astris/cli": "workspace:*",
        "@biomejs/biome": "^2.4.10",
        "@types/bun": "^1.3.11",
        "@types/node": "^25.5.2",
        "turbo": "^2.9.4",
        "typescript": "^6.0.2",
      },
    },
    "packages/@astris/cli": {
      "name": "@astris/cli",
      "version": "0.1.0",
      "bin": {
        "astris": "./dist/astris",
      },
      "dependencies": {
        "@astris/core": "workspace:*",
        "@astris/server": "workspace:*",
        "@astris/web": "workspace:*",
      },
      "devDependencies": {
        "@types/bun": "^1.1.0",
        "@types/node": "^25.5.2",
        "typescript": "^6.0.2",
      },
    },
    "packages/@astris/core": {
      "name": "@astris/core",
      "version": "0.1.0",
      "devDependencies": {
        "@types/bun": "^1.1.0",
        "@types/node": "^25.5.2",
      },
    },
    "packages/@astris/server": {
      "name": "@astris/server",
      "version": "0.1.0",
      "dependencies": {
        "@astris/core": "workspace:*",
      },
      "devDependencies": {
        "@types/bun": "^1.1.0",
        "@types/node": "^25.5.2",
      },
    },
    "packages/@astris/web": {
      "name": "@astris/web",
      "version": "0.1.0",
      "dependencies": {
        "@astris/core": "workspace:*",
        "react": "^19.2.4",
        "react-dom": "^19.2.4",
      },
      "devDependencies": {
        "@types/bun": "^1.1.0",
        "@types/node": "^25.5.2",
        "@types/react": "^19.2.14",
        "@types/react-dom": "^19.2.3",
      },
    },
    "test-app": {
      "name": "astris-test-app",
      "version": "0.0.0",
      "dependencies": {
        "@astris/web": "workspace:*",
        "react": "^19.2.4",
        "react-dom": "^19.2.4",
      },
      "devDependencies": {
        "@types/bun": "^1",
        "@types/react": "^19.2.14",
        "@types/react-dom": "^19.2.3",
      },
    },
  },
  "packages": {
    "@astris/cli": ["@astris/cli@workspace:packages/@astris/cli"],

    "@astris/core": ["@astris/core@workspace:packages/@astris/core"],

    "@astris/server": ["@astris/server@workspace:packages/@astris/server"],

    "@astris/web": ["@astris/web@workspace:packages/@astris/web"],

    "@biomejs/biome": ["@biomejs/biome@2.4.10", "", { "optionalDependencies": { "@biomejs/cli-darwin-arm64": "2.4.10", "@biomejs/cli-darwin-x64": "2.4.10", "@biomejs/cli-linux-arm64": "2.4.10", "@biomejs/cli-linux-arm64-musl": "2.4.10", "@biomejs/cli-linux-x64": "2.4.10", "@biomejs/cli-linux-x64-musl": "2.4.10", "@biomejs/cli-win32-arm64": "2.4.10", "@biomejs/cli-win32-x64": "2.4.10" }, "bin": { "biome": "bin/biome" } }, "sha512-xxA3AphFQ1geij4JTHXv4EeSTda1IFn22ye9LdyVPoJU19fNVl0uzfEuhsfQ4Yue/0FaLs2/ccVi4UDiE7R30w=="],

    "@biomejs/cli-darwin-arm64": ["@biomejs/cli-darwin-arm64@2.4.10", "", { "os": "darwin", "cpu": "arm64" }, "sha512-vuzzI1cWqDVzOMIkYyHbKqp+AkQq4K7k+UCXWpkYcY/HDn1UxdsbsfgtVpa40shem8Kax4TLDLlx8kMAecgqiw=="],

    "@biomejs/cli-darwin-x64": ["@biomejs/cli-darwin-x64@2.4.10", "", { "os": "darwin", "cpu": "x64" }, "sha512-14fzASRo+BPotwp7nWULy2W5xeUyFnTaq1V13Etrrxkrih+ez/2QfgFm5Ehtf5vSjtgx/IJycMMpn5kPd5ZNaA=="],

    "@biomejs/cli-linux-arm64": ["@biomejs/cli-linux-arm64@2.4.10", "", { "os": "linux", "cpu": "arm64" }, "sha512-7MH1CMW5uuxQ/s7FLST63qF8B3Hgu2HRdZ7tA1X1+mk+St4JOuIrqdhIBnnyqeyWJNI+Bww7Es5QZ0wIc1Cmkw=="],

    "@biomejs/cli-linux-arm64-musl": ["@biomejs/cli-linux-arm64-musl@2.4.10", "", { "os": "linux", "cpu": "arm64" }, "sha512-WrJY6UuiSD/Dh+nwK2qOTu8kdMDlLV3dLMmychIghHPAysWFq1/DGC1pVZx8POE3ZkzKR3PUUnVrtZfMfaJjyQ=="],

    "@biomejs/cli-linux-x64": ["@biomejs/cli-linux-x64@2.4.10", "", { "os": "linux", "cpu": "x64" }, "sha512-tZLvEEi2u9Xu1zAqRjTcpIDGVtldigVvzug2fTuPG0ME/g8/mXpRPcNgLB22bGn6FvLJpHHnqLnwliOu8xjYrg=="],

    "@biomejs/cli-linux-x64-musl": ["@biomejs/cli-linux-x64-musl@2.4.10", "", { "os": "linux", "cpu": "x64" }, "sha512-kDTi3pI6PBN6CiczsWYOyP2zk0IJI08EWEQyDMQWW221rPaaEz6FvjLhnU07KMzLv8q3qSuoB93ua6inSQ55Tw=="],

    "@biomejs/cli-win32-arm64": ["@biomejs/cli-win32-arm64@2.4.10", "", { "os": "win32", "cpu": "arm64" }, "sha512-umwQU6qPzH+ISTf/eHyJ/QoQnJs3V9Vpjz2OjZXe9MVBZ7prgGafMy7yYeRGnlmDAn87AKTF3Q6weLoMGpeqdQ=="],

    "@biomejs/cli-win32-x64": ["@biomejs/cli-win32-x64@2.4.10", "", { "os": "win32", "cpu": "x64" }, "sha512-aW/JU5GuyH4uxMrNYpoC2kjaHlyJGLgIa3XkhPEZI0uKhZhJZU8BuEyJmvgzSPQNGozBwWjC972RaNdcJ9KyJg=="],

    "@turbo/darwin-64": ["@turbo/darwin-64@2.9.4", "", { "os": "darwin", "cpu": "x64" }, "sha512-ZSlPqJ5Vqg/wgVw8P3AOVCIosnbBilOxLq7TMz3MN/9U46DUYfdG2jtfevNDufyxyrg98pcPs/GBgDRaaids6g=="],

    "@turbo/darwin-arm64": ["@turbo/darwin-arm64@2.9.4", "", { "os": "darwin", "cpu": "arm64" }, "sha512-9cjTWe4OiNlFMSRggPNh+TJlRs7MS5FWrHc96MOzft5vESWjjpvaadYPv5ykDW7b45mVHOF2U/W+48LoX9USWw=="],

    "@turbo/linux-64": ["@turbo/linux-64@2.9.4", "", { "os": "linux", "cpu": "x64" }, "sha512-Cl1GjxqBXQ+r9KKowmXG+lhD1gclLp48/SE7NxL//66iaMytRw0uiphWGOkccD92iPiRjHLRUaA9lOTtgr5OCA=="],

    "@turbo/linux-arm64": ["@turbo/linux-arm64@2.9.4", "", { "os": "linux", "cpu": "arm64" }, "sha512-j2hPAKVmGNN2EsKigEWD+43y9m7zaPhNAs6ptsyfq0u7evHHBAXAwOfv86OEMg/gvC+pwGip0i1CIm1bR1vYug=="],

    "@turbo/windows-64": ["@turbo/windows-64@2.9.4", "", { "os": "win32", "cpu": "x64" }, "sha512-1jWPjCe9ZRmsDTXE7uzqfySNQspnUx0g6caqvwps+k/sc+fm9hC/4zRQKlXZLbVmP3Xxp601Ju71boegHdnYGw=="],

    "@turbo/windows-arm64": ["@turbo/windows-arm64@2.9.4", "", { "os": "win32", "cpu": "arm64" }, "sha512-dlko15TQVu/BFYmIY018Y3covWMRQlUgAkD+OOk+Rokcfj6VY02Vv4mCfT/Zns6B4q8jGbOd6IZhnCFYsE8Viw=="],

    "@types/bun": ["@types/bun@1.3.11", "", { "dependencies": { "bun-types": "1.3.11" } }, "sha512-5vPne5QvtpjGpsGYXiFyycfpDF2ECyPcTSsFBMa0fraoxiQyMJ3SmuQIGhzPg2WJuWxVBoxWJ2kClYTcw/4fAg=="],

    "@types/node": ["@types/node@25.5.2", "", { "dependencies": { "undici-types": "~7.18.0" } }, "sha512-tO4ZIRKNC+MDWV4qKVZe3Ql/woTnmHDr5JD8UI5hn2pwBrHEwOEMZK7WlNb5RKB6EoJ02gwmQS9OrjuFnZYdpg=="],

    "@types/react": ["@types/react@19.2.14", "", { "dependencies": { "csstype": "^3.2.2" } }, "sha512-ilcTH/UniCkMdtexkoCN0bI7pMcJDvmQFPvuPvmEaYA/NSfFTAgdUSLAoVjaRJm7+6PvcM+q1zYOwS4wTYMF9w=="],

    "@types/react-dom": ["@types/react-dom@19.2.3", "", { "peerDependencies": { "@types/react": "^19.2.0" } }, "sha512-jp2L/eY6fn+KgVVQAOqYItbF0VY/YApe5Mz2F0aykSO8gx31bYCZyvSeYxCHKvzHG5eZjc+zyaS5BrBWya2+kQ=="],

    "astris-test-app": ["astris-test-app@workspace:test-app"],

    "bun-types": ["bun-types@1.3.11", "", { "dependencies": { "@types/node": "*" } }, "sha512-1KGPpoxQWl9f6wcZh57LvrPIInQMn2TQ7jsgxqpRzg+l0QPOFvJVH7HmvHo/AiPgwXy+/Thf6Ov3EdVn1vOabg=="],

    "consola": ["consola@3.4.2", "", {}, "sha512-5IKcdX0nnYavi6G7TtOhwkYzyjfJlatbjMjuLSfE2kYT5pMDOilZ4OvMhi637CcDICTmz3wARPoyhqyX1Y+XvA=="],

    "csstype": ["csstype@3.2.3", "", {}, "sha512-z1HGKcYy2xA8AGQfwrn0PAy+PB7X/GSj3UVJW9qKyn43xWa+gl5nXmU4qqLMRzWVLFC8KusUX8T/0kCiOYpAIQ=="],

    "react": ["react@19.2.5", "", {}, "sha512-llUJLzz1zTUBrskt2pwZgLq59AemifIftw4aB7JxOqf1HY2FDaGDxgwpAPVzHU1kdWabH7FauP4i1oEeer2WCA=="],

    "react-dom": ["react-dom@19.2.5", "", { "dependencies": { "scheduler": "^0.27.0" }, "peerDependencies": { "react": "^19.2.5" } }, "sha512-J5bAZz+DXMMwW/wV3xzKke59Af6CHY7G4uYLN1OvBcKEsWOs4pQExj86BBKamxl/Ik5bx9whOrvBlSDfWzgSag=="],

    "scheduler": ["scheduler@0.27.0", "", {}, "sha512-eNv+WrVbKu1f3vbYJT/xtiF5syA5HPIMtf9IgY/nKg0sWqzAUEvqY/xm7OcZc/qafLx/iO9FgOmeSAp4v5ti/Q=="],

    "turbo": ["turbo@2.9.4", "", { "optionalDependencies": { "@turbo/darwin-64": "2.9.4", "@turbo/darwin-arm64": "2.9.4", "@turbo/linux-64": "2.9.4", "@turbo/linux-arm64": "2.9.4", "@turbo/windows-64": "2.9.4", "@turbo/windows-arm64": "2.9.4" }, "bin": { "turbo": "bin/turbo" } }, "sha512-wZ/kMcZCuK5oEp7sXSSo/5fzKjP9I2EhoiarZjyCm2Ixk0WxFrC/h0gF3686eHHINoFQOOSWgB/pGfvkR8rkgQ=="],

    "typescript": ["typescript@6.0.2", "", { "bin": { "tsc": "bin/tsc", "tsserver": "bin/tsserver" } }, "sha512-bGdAIrZ0wiGDo5l8c++HWtbaNCWTS4UTv7RaTH/ThVIgjkveJt83m74bBHMJkuCbslY8ixgLBVZJIOiQlQTjfQ=="],

    "undici-types": ["undici-types@7.18.2", "", {}, "sha512-AsuCzffGHJybSaRrmr5eHr81mwJU3kjw6M+uprWvCXiNeN9SOGwQ3Jn8jb8m3Z6izVgknn1R0FTCEAP2QrLY/w=="],
  }
}
